// !$*UTF8*$!
{
	archiveVersion = 1;
	classes = {
	};
	objectVersion = 77;
	objects = {

/* Begin PBXBuildFile section */
		24F93C7195E5FA70AD20E215 /* Preset.swift in Sources */ = {isa = PBXBuildFile; fileRef = 796B2237EDA73B21F4AEF6D1 /* Preset.swift */; };
		3587EA00266283414AC109D6 /* DDCController.swift in Sources */ = {isa = PBXBuildFile; fileRef = 94D29394D153BF2C3A3F28FC /* DDCController.swift */; };
		37A92850230ACF444AE71511 /* MeasuredScrollHeight.swift in Sources */ = {isa = PBXBuildFile; fileRef = B800F47557D7D13B064938FE /* MeasuredScrollHeight.swift */; };
		3D674B0CA40951AFFB39E649 /* PresetListView.swift in Sources */ = {isa = PBXBuildFile; fileRef = C8D399FEBE540EF84416FC3F /* PresetListView.swift */; };
		47CB386C700165E5FDEE4BCB /* NightShiftController.swift in Sources */ = {isa = PBXBuildFile; fileRef = BF1355E9BC02A12AE670ED5D /* NightShiftController.swift */; };
		6645D250FE45A6A79C002BCA /* ScheduleEntry.swift in Sources */ = {isa = PBXBuildFile; fileRef = 0CE6E37BFD5B324F653E13B9 /* ScheduleEntry.swift */; };
		6F470DE1EDE70CAF32A58021 /* SetupView.swift in Sources */ = {isa = PBXBuildFile; fileRef = BDFA14C86BC116A9E931E98B /* SetupView.swift */; };
		8743D0E9BBB2149669DE0D67 /* AppState.swift in Sources */ = {isa = PBXBuildFile; fileRef = 44FAD6322321CD180A8085D6 /* AppState.swift */; };
		9677DC4738EF1FF348C7134C /* SettingsView.swift in Sources */ = {isa = PBXBuildFile; fileRef = A6E6D2DCB95AD963660A91B0 /* SettingsView.swift */; };
		E6DBCEB50C70393C22EB95E6 /* Scheduler.swift in Sources */ = {isa = PBXBuildFile; fileRef = 48BC5FEF918359631ABE8F5C /* Scheduler.swift */; };
		E70B1926A2A67DF571C15E0C /* MenuBarView.swift in Sources */ = {isa = PBXBuildFile; fileRef = AB309781264F19131C8F56A4 /* MenuBarView.swift */; };
		EC8D596F3F6276971E5D4D80 /* SundialApp.swift in Sources */ = {isa = PBXBuildFile; fileRef = D82B9C28F5678446C399BE59 /* SundialApp.swift */; };
/* End PBXBuildFile section */

/* Begin PBXFileReference section */
		0CE6E37BFD5B324F653E13B9 /* ScheduleEntry.swift */ = {isa = PBXFileReference; lastKnownFileType = sourcecode.swift; path = ScheduleEntry.swift; sourceTree = "<group>"; };
		44FAD6322321CD180A8085D6 /* AppState.swift */ = {isa = PBXFileReference; lastKnownFileType = sourcecode.swift; path = AppState.swift; sourceTree = "<group>"; };
		48BC5FEF918359631ABE8F5C /* Scheduler.swift */ = {isa = PBXFileReference; lastKnownFileType = sourcecode.swift; path = Scheduler.swift; sourceTree = "<group>"; };
		796B2237EDA73B21F4AEF6D1 /* Preset.swift */ = {isa = PBXFileReference; lastKnownFileType = sourcecode.swift; path = Preset.swift; sourceTree = "<group>"; };
		94D29394D153BF2C3A3F28FC /* DDCController.swift */ = {isa = PBXFileReference; lastKnownFileType = sourcecode.swift; path = DDCController.swift; sourceTree = "<group>"; };
		A6E6D2DCB95AD963660A91B0 /* SettingsView.swift */ = {isa = PBXFileReference; lastKnownFileType = sourcecode.swift; path = SettingsView.swift; sourceTree = "<group>"; };
		AB309781264F19131C8F56A4 /* MenuBarView.swift */ = {isa = PBXFileReference; lastKnownFileType = sourcecode.swift; path = MenuBarView.swift; sourceTree = "<group>"; };
		AF802F84AF4D4A7E0B2239F7 /* Sundial.app */ = {isa = PBXFileReference; explicitFileType = wrapper.application; includeInIndex = 0; path = Sundial.app; sourceTree = BUILT_PRODUCTS_DIR; };
		B800F47557D7D13B064938FE /* MeasuredScrollHeight.swift */ = {isa = PBXFileReference; lastKnownFileType = sourcecode.swift; path = MeasuredScrollHeight.swift; sourceTree = "<group>"; };
		BDFA14C86BC116A9E931E98B /* SetupView.swift */ = {isa = PBXFileReference; lastKnownFileType = sourcecode.swift; path = SetupView.swift; sourceTree = "<group>"; };
		BF1355E9BC02A12AE670ED5D /* NightShiftController.swift */ = {isa = PBXFileReference; lastKnownFileType = sourcecode.swift; path = NightShiftController.swift; sourceTree = "<group>"; };
		C8D399FEBE540EF84416FC3F /* PresetListView.swift */ = {isa = PBXFileReference; lastKnownFileType = sourcecode.swift; path = PresetListView.swift; sourceTree = "<group>"; };
		D82B9C28F5678446C399BE59 /* SundialApp.swift */ = {isa = PBXFileReference; lastKnownFileType = sourcecode.swift; path = SundialApp.swift; sourceTree = "<group>"; };
/* End PBXFileReference section */

/* Begin PBXGroup section */
		4C9369AA5540196E300A04F6 /* Products */ = {
			isa = PBXGroup;
			children = (
				AF802F84AF4D4A7E0B2239F7 /* Sundial.app */,
			);
			name = Products;
			sourceTree = "<group>";
		};
		672F833F7D2EFC96046E1502 /* Control */ = {
			isa = PBXGroup;
			children = (
				94D29394D153BF2C3A3F28FC /* DDCController.swift */,
				BF1355E9BC02A12AE670ED5D /* NightShiftController.swift */,
				48BC5FEF918359631ABE8F5C /* Scheduler.swift */,
			);
			path = Control;
			sourceTree = "<group>";
		};
		6E230410B05E985B241036D8 /* Models */ = {
			isa = PBXGroup;
			children = (
				796B2237EDA73B21F4AEF6D1 /* Preset.swift */,
				0CE6E37BFD5B324F653E13B9 /* ScheduleEntry.swift */,
			);
			path = Models;
			sourceTree = "<group>";
		};
		B4CA0001CCEEB12F3824D898 /* Sources */ = {
			isa = PBXGroup;
			children = (
				44FAD6322321CD180A8085D6 /* AppState.swift */,
				D82B9C28F5678446C399BE59 /* SundialApp.swift */,
				672F833F7D2EFC96046E1502 /* Control */,
				6E230410B05E985B241036D8 /* Models */,
				CC1E2C5CF2BDDA62373D9D63 /* Views */,
			);
			path = Sources;
			sourceTree = "<group>";
		};
		CC1E2C5CF2BDDA62373D9D63 /* Views */ = {
			isa = PBXGroup;
			children = (
				B800F47557D7D13B064938FE /* MeasuredScrollHeight.swift */,
				AB309781264F19131C8F56A4 /* MenuBarView.swift */,
				C8D399FEBE540EF84416FC3F /* PresetListView.swift */,
				A6E6D2DCB95AD963660A91B0 /* SettingsView.swift */,
				BDFA14C86BC116A9E931E98B /* SetupView.swift */,
			);
			path = Views;
			sourceTree = "<group>";
		};
		E9BDFC4A18333819CDDADCB2 = {
			isa = PBXGroup;
			children = (
				B4CA0001CCEEB12F3824D898 /* Sources */,
				4C9369AA5540196E300A04F6 /* Products */,
			);
			sourceTree = "<group>";
		};
/* End PBXGroup section */

/* Begin PBXNativeTarget section */
		A5A6ADE2F26EB1E46E601918 /* Sundial */ = {
			isa = PBXNativeTarget;
			buildConfigurationList = C9315F2869F1F222AB3A3FB2 /* Build configuration list for PBXNativeTarget "Sundial" */;
			buildPhases = (
				5E833F794E3E303BD7AB4A39 /* Sources */,
			);
			buildRules = (
			);
			dependencies = (
			);
			name = Sundial;
			packageProductDependencies = (
			);
			productName = Sundial;
			productReference = AF802F84AF4D4A7E0B2239F7 /* Sundial.app */;
			productType = "com.apple.product-type.application";
		};
/* End PBXNativeTarget section */

/* Begin PBXProject section */
		D876D68250FAF9DBD350179C /* Project object */ = {
			isa = PBXProject;
			attributes = {
				BuildIndependentTargetsInParallel = YES;
				LastUpgradeCheck = 1430;
				TargetAttributes = {
					A5A6ADE2F26EB1E46E601918 = {
						DevelopmentTeam = "";
						ProvisioningStyle = Automatic;
					};
				};
			};
			buildConfigurationList = 9421296BF18E8A7FDE720770 /* Build configuration list for PBXProject "Sundial" */;
			developmentRegion = en;
			hasScannedForEncodings = 0;
			knownRegions = (
				Base,
				en,
			);
			mainGroup = E9BDFC4A18333819CDDADCB2;
			minimizedProjectReferenceProxies = 1;
			preferredProjectObjectVersion = 77;
			productRefGroup = 4C9369AA5540196E300A04F6 /* Products */;
			projectDirPath = "";
			projectRoot = "";
			targets = (
				A5A6ADE2F26EB1E46E601918 /* Sundial */,
			);
		};
/* End PBXProject section */

/* Begin PBXSourcesBuildPhase section */
		5E833F794E3E303BD7AB4A39 /* Sources */ = {
			isa = PBXSourcesBuildPhase;
			buildActionMask = 2147483647;
			files = (
				8743D0E9BBB2149669DE0D67 /* AppState.swift in Sources */,
				3587EA00266283414AC109D6 /* DDCController.swift in Sources */,
				37A92850230ACF444AE71511 /* MeasuredScrollHeight.swift in Sources */,
				E70B1926A2A67DF571C15E0C /* MenuBarView.swift in Sources */,
				47CB386C700165E5FDEE4BCB /* NightShiftController.swift in Sources */,
				24F93C7195E5FA70AD20E215 /* Preset.swift in Sources */,
				3D674B0CA40951AFFB39E649 /* PresetListView.swift in Sources */,
				6645D250FE45A6A79C002BCA /* ScheduleEntry.swift in Sources */,
				E6DBCEB50C70393C22EB95E6 /* Scheduler.swift in Sources */,
				9677DC4738EF1FF348C7134C /* SettingsView.swift in Sources */,
				6F470DE1EDE70CAF32A58021 /* SetupView.swift in Sources */,
				EC8D596F3F6276971E5D4D80 /* SundialApp.swift in Sources */,
			);
			runOnlyForDeploymentPostprocessing = 0;
		};
/* End PBXSourcesBuildPhase section */

/* Begin XCBuildConfiguration section */
		1098CCF9052C1100A780A39D /* Debug */ = {
			isa = XCBuildConfiguration;
			buildSettings = {
				ALWAYS_SEARCH_USER_PATHS = NO;
				CLANG_ANALYZER_NONNULL = YES;
				CLANG_ANALYZER_NUMBER_OBJECT_CONVERSION = YES_AGGRESSIVE;
				CLANG_CXX_LANGUAGE_STANDARD = "gnu++14";
				CLANG_CXX_LIBRARY = "libc++";
				CLANG_ENABLE_MODULES = YES;
				CLANG_ENABLE_OBJC_ARC = YES;
				CLANG_ENABLE_OBJC_WEAK = YES;
				CLANG_WARN_BLOCK_CAPTURE_AUTORELEASING = YES;
				CLANG_WARN_BOOL_CONVERSION = YES;
				CLANG_WARN_COMMA = YES;
				CLANG_WARN_CONSTANT_CONVERSION = YES;
				CLANG_WARN_DEPRECATED_OBJC_IMPLEMENTATIONS = YES;
				CLANG_WARN_DIRECT_OBJC_ISA_USAGE = YES_ERROR;
				CLANG_WARN_DOCUMENTATION_COMMENTS = YES;
				CLANG_WARN_EMPTY_BODY = YES;
				CLANG_WARN_ENUM_CONVERSION = YES;
				CLANG_WARN_INFINITE_RECURSION = YES;
				CLANG_WARN_INT_CONVERSION = YES;
				CLANG_WARN_NON_LITERAL_NULL_CONVERSION = YES;
				CLANG_WARN_OBJC_IMPLICIT_RETAIN_SELF = YES;
				CLANG_WARN_OBJC_LITERAL_CONVERSION = YES;
				CLANG_WARN_OBJC_ROOT_CLASS = YES_ERROR;
				CLANG_WARN_QUOTED_INCLUDE_IN_FRAMEWORK_HEADER = YES;
				CLANG_WARN_RANGE_LOOP_ANALYSIS = YES;
				CLANG_WARN_STRICT_PROTOTYPES = YES;
				CLANG_WARN_SUSPICIOUS_MOVE = YES;
				CLANG_WARN_UNGUARDED_AVAILABILITY = YES_AGGRESSIVE;
				CLANG_WARN_UNREACHABLE_CODE = YES;
				CLANG_WARN__DUPLICATE_METHOD_MATCH = YES;
				CODE_SIGN_STYLE = Automatic;
				COPY_PHASE_STRIP = NO;
				CURRENT_PROJECT_VERSION = 4;
				DEBUG_INFORMATION_FORMAT = dwarf;
				DEVELOPMENT_TEAM = "";
				ENABLE_HARDENED_RUNTIME = YES;
				ENABLE_STRICT_OBJC_MSGSEND = YES;
				ENABLE_TESTABILITY = YES;
				GCC_C_LANGUAGE_STANDARD = gnu11;
				GCC_DYNAMIC_NO_PIC = NO;
				GCC_NO_COMMON_BLOCKS = YES;
				GCC_OPTIMIZATION_LEVEL = 0;
				GCC_PREPROCESSOR_DEFINITIONS = (
					"$(inherited)",
					"DEBUG=1",
				);
				GCC_WARN_64_TO_32_BIT_CONVERSION = YES;
				GCC_WARN_ABOUT_RETURN_TYPE = YES_ERROR;
				GCC_WARN_UNDECLARED_SELECTOR = YES;
				GCC_WARN_UNINITIALIZED_AUTOS = YES_AGGRESSIVE;
				GCC_WARN_UNUSED_FUNCTION = YES;
				GCC_WARN_UNUSED_VARIABLE = YES;
				MACOSX_DEPLOYMENT_TARGET = 14.0;
				MARKETING_VERSION = 1.0.3;
				MTL_ENABLE_DEBUG_INFO = INCLUDE_SOURCE;
				MTL_FAST_MATH = YES;
				ONLY_ACTIVE_ARCH = YES;
				PRODUCT_NAME = "$(TARGET_NAME)";
				SDKROOT = macosx;
				SWIFT_ACTIVE_COMPILATION_CONDITIONS = DEBUG;
				SWIFT_OPTIMIZATION_LEVEL = "-Onone";
				SWIFT_VERSION = 5.9;
			};
			name = Debug;
		};
		1F240253F4BEFB8AD4D9038A /* Release */ = {
			isa = XCBuildConfiguration;
			buildSettings = {
				ASSETCATALOG_COMPILER_APPICON_NAME = AppIcon;
				COMBINE_HIDPI_IMAGES = YES;
				ENABLE_APP_SANDBOX = NO;
				ENABLE_USER_SCRIPT_SANDBOXING = NO;
				GENERATE_INFOPLIST_FILE = NO;
				INFOPLIST_FILE = Sources/Info.plist;
				LD_RUNPATH_SEARCH_PATHS = (
					"$(inherited)",
					"@executable_path/../Frameworks",
				);
				MACOSX_DEPLOYMENT_TARGET = 14.0;
				PRODUCT_BUNDLE_IDENTIFIER = com.aurende.sundial;
				SDKROOT = macosx;
			};
			name = Release;
		};
		282CF81BD7BEDEB7DF07AB6A /* Debug */ = {
			isa = XCBuildConfiguration;
			buildSettings = {
				ASSETCATALOG_COMPILER_APPICON_NAME = AppIcon;
				COMBINE_HIDPI_IMAGES = YES;
				ENABLE_APP_SANDBOX = NO;
				ENABLE_USER_SCRIPT_SANDBOXING = NO;
				GENERATE_INFOPLIST_FILE = NO;
				INFOPLIST_FILE = Sources/Info.plist;
				LD_RUNPATH_SEARCH_PATHS = (
					"$(inherited)",
					"@executable_path/../Frameworks",
				);
				MACOSX_DEPLOYMENT_TARGET = 14.0;
				PRODUCT_BUNDLE_IDENTIFIER = com.aurende.sundial;
				SDKROOT = macosx;
			};
			name = Debug;
		};
		BDF802EE3A21DCEA76E39258 /* Release */ = {
			isa = XCBuildConfiguration;
			buildSettings = {
				ALWAYS_SEARCH_USER_PATHS = NO;
				CLANG_ANALYZER_NONNULL = YES;
				CLANG_ANALYZER_NUMBER_OBJECT_CONVERSION = YES_AGGRESSIVE;
				CLANG_CXX_LANGUAGE_STANDARD = "gnu++14";
				CLANG_CXX_LIBRARY = "libc++";
				CLANG_ENABLE_MODULES = YES;
				CLANG_ENABLE_OBJC_ARC = YES;
				CLANG_ENABLE_OBJC_WEAK = YES;
				CLANG_WARN_BLOCK_CAPTURE_AUTORELEASING = YES;
				CLANG_WARN_BOOL_CONVERSION = YES;
				CLANG_WARN_COMMA = YES;
				CLANG_WARN_CONSTANT_CONVERSION = YES;
				CLANG_WARN_DEPRECATED_OBJC_IMPLEMENTATIONS = YES;
				CLANG_WARN_DIRECT_OBJC_ISA_USAGE = YES_ERROR;
				CLANG_WARN_DOCUMENTATION_COMMENTS = YES;
				CLANG_WARN_EMPTY_BODY = YES;
				CLANG_WARN_ENUM_CONVERSION = YES;
				CLANG_WARN_INFINITE_RECURSION = YES;
				CLANG_WARN_INT_CONVERSION = YES;
				CLANG_WARN_NON_LITERAL_NULL_CONVERSION = YES;
				CLANG_WARN_OBJC_IMPLICIT_RETAIN_SELF = YES;
				CLANG_WARN_OBJC_LITERAL_CONVERSION = YES;
				CLANG_WARN_OBJC_ROOT_CLASS = YES_ERROR;
				CLANG_WARN_QUOTED_INCLUDE_IN_FRAMEWORK_HEADER = YES;
				CLANG_WARN_RANGE_LOOP_ANALYSIS = YES;
				CLANG_WARN_STRICT_PROTOTYPES = YES;
				CLANG_WARN_SUSPICIOUS_MOVE = YES;
				CLANG_WARN_UNGUARDED_AVAILABILITY = YES_AGGRESSIVE;
				CLANG_WARN_UNREACHABLE_CODE = YES;
				CLANG_WARN__DUPLICATE_METHOD_MATCH = YES;
				CODE_SIGN_STYLE = Automatic;
				COPY_PHASE_STRIP = NO;
				CURRENT_PROJECT_VERSION = 4;
				DEBUG_INFORMATION_FORMAT = "dwarf-with-dsym";
				DEVELOPMENT_TEAM = "";
				ENABLE_HARDENED_RUNTIME = YES;
				ENABLE_NS_ASSERTIONS = NO;
				ENABLE_STRICT_OBJC_MSGSEND = YES;
				GCC_C_LANGUAGE_STANDARD = gnu11;
				GCC_NO_COMMON_BLOCKS = YES;
				GCC_WARN_64_TO_32_BIT_CONVERSION = YES;
				GCC_WARN_ABOUT_RETURN_TYPE = YES_ERROR;
				GCC_WARN_UNDECLARED_SELECTOR = YES;
				GCC_WARN_UNINITIALIZED_AUTOS = YES_AGGRESSIVE;
				GCC_WARN_UNUSED_FUNCTION = YES;
				GCC_WARN_UNUSED_VARIABLE = YES;
				MACOSX_DEPLOYMENT_TARGET = 14.0;
				MARKETING_VERSION = 1.0.3;
				MTL_ENABLE_DEBUG_INFO = NO;
				MTL_FAST_MATH = YES;
				PRODUCT_NAME = "$(TARGET_NAME)";
				SDKROOT = macosx;
				SWIFT_COMPILATION_MODE = wholemodule;
				SWIFT_OPTIMIZATION_LEVEL = "-O";
				SWIFT_VERSION = 5.9;
			};
			name = Release;
		};
/* End XCBuildConfiguration section */

/* Begin XCConfigurationList section */
		9421296BF18E8A7FDE720770 /* Build configuration list for PBXProject "Sundial" */ = {
			isa = XCConfigurationList;
			buildConfigurations = (
				1098CCF9052C1100A780A39D /* Debug */,
				BDF802EE3A21DCEA76E39258 /* Release */,
			);
			defaultConfigurationIsVisible = 0;
			defaultConfigurationName = Debug;
		};
		C9315F2869F1F222AB3A3FB2 /* Build configuration list for PBXNativeTarget "Sundial" */ = {
			isa = XCConfigurationList;
			buildConfigurations = (
				282CF81BD7BEDEB7DF07AB6A /* Debug */,
				1F240253F4BEFB8AD4D9038A /* Release */,
			);
			defaultConfigurationIsVisible = 0;
			defaultConfigurationName = Debug;
		};
/* End XCConfigurationList section */
	};
	rootObject = D876D68250FAF9DBD350179C /* Project object */;
}
